
Microsoft Visual Studio Solution File, Format Version 12.00
# Visual Studio 15
VisualStudioVersion = 15.0.28307.572
MinimumVisualStudioVersion = 10.0.40219.1
Project("{FAE04EC0-301F-11D3-BF4B-00C04F79EFBC}") = "Algorithms", "Algorithms\Algorithms.csproj", "{E012E78F-E23D-47CF-B465-F1F1B6123BB5}"
EndProject
Global
	GlobalSection(SolutionConfigurationPlatforms) = preSolution
		Debug|Any CPU = Debug|Any CPU
		Release|Any CPU = Release|Any CPU
	EndGlobalSection
	GlobalSection(ProjectConfigurationPlatforms) = postSolution
		{E012E78F-E23D-47CF-B465-F1F1B6123BB5}.Debug|Any CPU.ActiveCfg = Debug|Any CPU
		{E012E78F-E23D-47CF-B465-F1F1B6123BB5}.Debug|Any CPU.Build.0 = Debug|Any CPU
		{E012E78F-E23D-47CF-B465-F1F1B6123BB5}.Release|Any CPU.ActiveCfg = Release|Any CPU
		{E012E78F-E23D-47CF-B465-F1F1B6123BB5}.Release|Any CPU.Build.0 = Release|Any CPU
	EndGlobalSection
	GlobalSection(SolutionProperties) = preSolution
		HideSolutionNode = FALSE
	EndGlobalSection
	GlobalSection(ExtensibilityGlobals) = postSolution
		SolutionGuid = {76913447-458A-4BF3-BB40-722D04996A90}
	EndGlobalSection
EndGlobal
